
Microsoft Visual Studio Solution File, Format Version 12.00
# Visual Studio Version 16
VisualStudioVersion = 16.0.29418.71
MinimumVisualStudioVersion = 10.0.40219.1
Project("{888888A0-9F3D-457C-B088-3A5042F75D52}") = "Camb", "Camb.pyproj", "{F4E92E5A-F339-4666-A699-5274E19DDF27}"
EndProject
Global
	GlobalSection(SolutionConfigurationPlatforms) = preSolution
		Debug|Any CPU = Debug|Any CPU
		Release|Any CPU = Release|Any CPU
	EndGlobalSection
	GlobalSection(ProjectConfigurationPlatforms) = postSolution
		{F4E92E5A-F339-4666-A699-5274E19DDF27}.Debug|Any CPU.ActiveCfg = Debug|Any CPU
		{F4E92E5A-F339-4666-A699-5274E19DDF27}.Release|Any CPU.ActiveCfg = Release|Any CPU
	EndGlobalSection
	GlobalSection(SolutionProperties) = preSolution
		HideSolutionNode = FALSE
	EndGlobalSection
	GlobalSection(ExtensibilityGlobals) = postSolution
		SolutionGuid = {C92CA51F-270C-4D36-8B18-79458AF15C96}
	EndGlobalSection
EndGlobal
